// !$*UTF8*$!
{
	archiveVersion = 1;
	classes = {
	};
	objectVersion = 46;
	objects = {

/* Begin PBXBuildFile section */
		97C9E3761C027E4F006CB761 /* DHLayoutConstraints.h in Headers */ = {isa = PBXBuildFile; fileRef = 97C9E3751C027E4F006CB761 /* DHLayoutConstraints.h */; settings = {ATTRIBUTES = (Public, ); }; };
		97C9E37D1C027E50006CB761 /* DHLayoutConstraints.framework in Frameworks */ = {isa = PBXBuildFile; fileRef = 97C9E3721C027E4F006CB761 /* DHLayoutConstraints.framework */; };
		97C9E3821C027E50006CB761 /* DHLayoutConstraintsTests.swift in Sources */ = {isa = PBXBuildFile; fileRef = 97C9E3811C027E50006CB761 /* DHLayoutConstraintsTests.swift */; };
/* End PBXBuildFile section */

/* Begin PBXContainerItemProxy section */
		97C9E37E1C027E50006CB761 /* PBXContainerItemProxy */ = {
			isa = PBXContainerItemProxy;
			containerPortal = 97C9E3691C027E4F006CB761 /* Project object */;
			proxyType = 1;
			remoteGlobalIDString = 97C9E3711C027E4F006CB761;
			remoteInfo = DHLayoutConstraints;
		};
/* End PBXContainerItemProxy section */

/* Begin PBXFileReference section */
		97C9E3721C027E4F006CB761 /* DHLayoutConstraints.framework */ = {isa = PBXFileReference; explicitFileType = wrapper.framework; includeInIndex = 0; path = DHLayoutConstraints.framework; sourceTree = BUILT_PRODUCTS_DIR; };
		97C9E3751C027E4F006CB761 /* DHLayoutConstraints.h */ = {isa = PBXFileReference; lastKnownFileType = sourcecode.c.h; path = DHLayoutConstraints.h; sourceTree = "<group>"; };
		97C9E3771C027E4F006CB761 /* Info.plist */ = {isa = PBXFileReference; lastKnownFileType = text.plist.xml; path = Info.plist; sourceTree = "<group>"; };
		97C9E37C1C027E50006CB761 /* DHLayoutConstraintsTests.xctest */ = {isa = PBXFileReference; explicitFileType = wrapper.cfbundle; includeInIndex = 0; path = DHLayoutConstraintsTests.xctest; sourceTree = BUILT_PRODUCTS_DIR; };
		97C9E3811C027E50006CB761 /* DHLayoutConstraintsTests.swift */ = {isa = PBXFileReference; lastKnownFileType = sourcecode.swift; path = DHLayoutConstraintsTests.swift; sourceTree = "<group>"; };
		97C9E3831C027E50006CB761 /* Info.plist */ = {isa = PBXFileReference; lastKnownFileType = text.plist.xml; path = Info.plist; sourceTree = "<group>"; };
/* End PBXFileReference section */

/* Begin PBXFrameworksBuildPhase section */
		97C9E36E1C027E4F006CB761 /* Frameworks */ = {
			isa = PBXFrameworksBuildPhase;
			buildActionMask = 2147483647;
			files = (
			);
			runOnlyForDeploymentPostprocessing = 0;
		};
		97C9E3791C027E50006CB761 /* Frameworks */ = {
			isa = PBXFrameworksBuildPhase;
			buildActionMask = 2147483647;
			files = (
				97C9E37D1C027E50006CB761 /* DHLayoutConstraints.framework in Frameworks */,
			);
			runOnlyForDeploymentPostprocessing = 0;
		};
/* End PBXFrameworksBuildPhase section */

/* Begin PBXGroup section */
		97C9E3681C027E4F006CB761 = {
			isa = PBXGroup;
			children = (
				97C9E3741C027E4F006CB761 /* DHLayoutConstraints */,
				97C9E3801C027E50006CB761 /* DHLayoutConstraintsTests */,
				97C9E3731C027E4F006CB761 /* Products */,
			);
			sourceTree = "<group>";
		};
		97C9E3731C027E4F006CB761 /* Products */ = {
			isa = PBXGroup;
			children = (
				97C9E3721C027E4F006CB761 /* DHLayoutConstraints.framework */,
				97C9E37C1C027E50006CB761 /* DHLayoutConstraintsTests.xctest */,
			);
			name = Products;
			sourceTree = "<group>";
		};
		97C9E3741C027E4F006CB761 /* DHLayoutConstraints */ = {
			isa = PBXGroup;
			children = (
				97C9E3751C027E4F006CB761 /* DHLayoutConstraints.h */,
				97C9E3771C027E4F006CB761 /* Info.plist */,
			);
			path = DHLayoutConstraints;
			sourceTree = "<group>";
		};
		97C9E3801C027E50006CB761 /* DHLayoutConstraintsTests */ = {
			isa = PBXGroup;
			children = (
				97C9E3811C027E50006CB761 /* DHLayoutConstraintsTests.swift */,
				97C9E3831C027E50006CB761 /* Info.plist */,
			);
			path = DHLayoutConstraintsTests;
			sourceTree = "<group>";
		};
/* End PBXGroup section */

/* Begin PBXHeadersBuildPhase section */
		97C9E36F1C027E4F006CB761 /* Headers */ = {
			isa = PBXHeadersBuildPhase;
			buildActionMask = 2147483647;
			files = (
				97C9E3761C027E4F006CB761 /* DHLayoutConstraints.h in Headers */,
			);
			runOnlyForDeploymentPostprocessing = 0;
		};
/* End PBXHeadersBuildPhase section */

/* Begin PBXNativeTarget section */
		97C9E3711C027E4F006CB761 /* DHLayoutConstraints */ = {
			isa = PBXNativeTarget;
			buildConfigurationList = 97C9E3861C027E50006CB761 /* Build configuration list for PBXNativeTarget "DHLayoutConstraints" */;
			buildPhases = (
				97C9E36D1C027E4F006CB761 /* Sources */,
				97C9E36E1C027E4F006CB761 /* Frameworks */,
				97C9E36F1C027E4F006CB761 /* Headers */,
				97C9E3701C027E4F006CB761 /* Resources */,
			);
			buildRules = (
			);
			dependencies = (
			);
			name = DHLayoutConstraints;
			productName = DHLayoutConstraints;
			productReference = 97C9E3721C027E4F006CB761 /* DHLayoutConstraints.framework */;
			productType = "com.apple.product-type.framework";
		};
		97C9E37B1C027E50006CB761 /* DHLayoutConstraintsTests */ = {
			isa = PBXNativeTarget;
			buildConfigurationList = 97C9E3891C027E50006CB761 /* Build configuration list for PBXNativeTarget "DHLayoutConstraintsTests" */;
			buildPhases = (
				97C9E3781C027E50006CB761 /* Sources */,
				97C9E3791C027E50006CB761 /* Frameworks */,
				97C9E37A1C027E50006CB761 /* Resources */,
			);
			buildRules = (
			);
			dependencies = (
				97C9E37F1C027E50006CB761 /* PBXTargetDependency */,
			);
			name = DHLayoutConstraintsTests;
			productName = DHLayoutConstraintsTests;
			productReference = 97C9E37C1C027E50006CB761 /* DHLayoutConstraintsTests.xctest */;
			productType = "com.apple.product-type.bundle.unit-test";
		};
/* End PBXNativeTarget section */

/* Begin PBXProject section */
		97C9E3691C027E4F006CB761 /* Project object */ = {
			isa = PBXProject;
			attributes = {
				LastSwiftUpdateCheck = 0710;
				LastUpgradeCheck = 0710;
				ORGANIZATIONNAME = dnthome;
				TargetAttributes = {
					97C9E3711C027E4F006CB761 = {
						CreatedOnToolsVersion = 7.1;
						DevelopmentTeam = Z5RGZWHK99;
					};
					97C9E37B1C027E50006CB761 = {
						CreatedOnToolsVersion = 7.1;
						DevelopmentTeam = Z5RGZWHK99;
					};
				};
			};
			buildConfigurationList = 97C9E36C1C027E4F006CB761 /* Build configuration list for PBXProject "DHLayoutConstraints" */;
			compatibilityVersion = "Xcode 3.2";
			developmentRegion = English;
			hasScannedForEncodings = 0;
			knownRegions = (
				en,
			);
			mainGroup = 97C9E3681C027E4F006CB761;
			productRefGroup = 97C9E3731C027E4F006CB761 /* Products */;
			projectDirPath = "";
			projectRoot = "";
			targets = (
				97C9E3711C027E4F006CB761 /* DHLayoutConstraints */,
				97C9E37B1C027E50006CB761 /* DHLayoutConstraintsTests */,
			);
		};
/* End PBXProject section */

/* Begin PBXResourcesBuildPhase section */
		97C9E3701C027E4F006CB761 /* Resources */ = {
			isa = PBXResourcesBuildPhase;
			buildActionMask = 2147483647;
			files = (
			);
			runOnlyForDeploymentPostprocessing = 0;
		};
		97C9E37A1C027E50006CB761 /* Resources */ = {
			isa = PBXResourcesBuildPhase;
			buildActionMask = 2147483647;
			files = (
			);
			runOnlyForDeploymentPostprocessing = 0;
		};
/* End PBXResourcesBuildPhase section */

/* Begin PBXSourcesBuildPhase section */
		97C9E36D1C027E4F006CB761 /* Sources */ = {
			isa = PBXSourcesBuildPhase;
			buildActionMask = 2147483647;
			files = (
			);
			runOnlyForDeploymentPostprocessing = 0;
		};
		97C9E3781C027E50006CB761 /* Sources */ = {
			isa = PBXSourcesBuildPhase;
			buildActionMask = 2147483647;
			files = (
				97C9E3821C027E50006CB761 /* DHLayoutConstraintsTests.swift in Sources */,
			);
			runOnlyForDeploymentPostprocessing = 0;
		};
/* End PBXSourcesBuildPhase section */

/* Begin PBXTargetDependency section */
		97C9E37F1C027E50006CB761 /* PBXTargetDependency */ = {
			isa = PBXTargetDependency;
			target = 97C9E3711C027E4F006CB761 /* DHLayoutConstraints */;
			targetProxy = 97C9E37E1C027E50006CB761 /* PBXContainerItemProxy */;
		};
/* End PBXTargetDependency section */

/* Begin XCBuildConfiguration section */
		97C9E3841C027E50006CB761 /* Debug */ = {
			isa = XCBuildConfiguration;
			buildSettings = {
				ALWAYS_SEARCH_USER_PATHS = NO;
				CLANG_CXX_LANGUAGE_STANDARD = "gnu++0x";
				CLANG_CXX_LIBRARY = "libc++";
				CLANG_ENABLE_MODULES = YES;
				CLANG_ENABLE_OBJC_ARC = YES;
				CLANG_WARN_BOOL_CONVERSION = YES;
				CLANG_WARN_CONSTANT_CONVERSION = YES;
				CLANG_WARN_DIRECT_OBJC_ISA_USAGE = YES_ERROR;
				CLANG_WARN_EMPTY_BODY = YES;
				CLANG_WARN_ENUM_CONVERSION = YES;
				CLANG_WARN_INT_CONVERSION = YES;
				CLANG_WARN_OBJC_ROOT_CLASS = YES_ERROR;
				CLANG_WARN_UNREACHABLE_CODE = YES;
				CLANG_WARN__DUPLICATE_METHOD_MATCH = YES;
				"CODE_SIGN_IDENTITY[sdk=iphoneos*]" = "iPhone Developer";
				COPY_PHASE_STRIP = NO;
				CURRENT_PROJECT_VERSION = 1;
				DEBUG_INFORMATION_FORMAT = dwarf;
				ENABLE_STRICT_OBJC_MSGSEND = YES;
				ENABLE_TESTABILITY = YES;
				GCC_C_LANGUAGE_STANDARD = gnu99;
				GCC_DYNAMIC_NO_PIC = NO;
				GCC_NO_COMMON_BLOCKS = YES;
				GCC_OPTIMIZATION_LEVEL = 0;
				GCC_PREPROCESSOR_DEFINITIONS = (
					"DEBUG=1",
					"$(inherited)",
				);
				GCC_WARN_64_TO_32_BIT_CONVERSION = YES;
				GCC_WARN_ABOUT_RETURN_TYPE = YES_ERROR;
				GCC_WARN_UNDECLARED_SELECTOR = YES;
				GCC_WARN_UNINITIALIZED_AUTOS = YES_AGGRESSIVE;
				GCC_WARN_UNUSED_FUNCTION = YES;
				GCC_WARN_UNUSED_VARIABLE = YES;
				IPHONEOS_DEPLOYMENT_TARGET = 9.1;
				MTL_ENABLE_DEBUG_INFO = YES;
				ONLY_ACTIVE_ARCH = YES;
				SDKROOT = iphoneos;
				SWIFT_OPTIMIZATION_LEVEL = "-Onone";
				TARGETED_DEVICE_FAMILY = "1,2";
				VERSIONING_SYSTEM = "apple-generic";
				VERSION_INFO_PREFIX = "";
			};
			name = Debug;
		};
		97C9E3851C027E50006CB761 /* Release */ = {
			isa = XCBuildConfiguration;
			buildSettings = {
				ALWAYS_SEARCH_USER_PATHS = NO;
				CLANG_CXX_LANGUAGE_STANDARD = "gnu++0x";
				CLANG_CXX_LIBRARY = "libc++";
				CLANG_ENABLE_MODULES = YES;
				CLANG_ENABLE_OBJC_ARC = YES;
				CLANG_WARN_BOOL_CONVERSION = YES;
				CLANG_WARN_CONSTANT_CONVERSION = YES;
				CLANG_WARN_DIRECT_OBJC_ISA_USAGE = YES_ERROR;
				CLANG_WARN_EMPTY_BODY = YES;
				CLANG_WARN_ENUM_CONVERSION = YES;
				CLANG_WARN_INT_CONVERSION = YES;
				CLANG_WARN_OBJC_ROOT_CLASS = YES_ERROR;
				CLANG_WARN_UNREACHABLE_CODE = YES;
				CLANG_WARN__DUPLICATE_METHOD_MATCH = YES;
				"CODE_SIGN_IDENTITY[sdk=iphoneos*]" = "iPhone Developer";
				COPY_PHASE_STRIP = NO;
				CURRENT_PROJECT_VERSION = 1;
				DEBUG_INFORMATION_FORMAT = "dwarf-with-dsym";
				ENABLE_NS_ASSERTIONS = NO;
				ENABLE_STRICT_OBJC_MSGSEND = YES;
				GCC_C_LANGUAGE_STANDARD = gnu99;
				GCC_NO_COMMON_BLOCKS = YES;
				GCC_WARN_64_TO_32_BIT_CONVERSION = YES;
				GCC_WARN_ABOUT_RETURN_TYPE = YES_ERROR;
				GCC_WARN_UNDECLARED_SELECTOR = YES;
				GCC_WARN_UNINITIALIZED_AUTOS = YES_AGGRESSIVE;
				GCC_WARN_UNUSED_FUNCTION = YES;
				GCC_WARN_UNUSED_VARIABLE = YES;
				IPHONEOS_DEPLOYMENT_TARGET = 9.1;
				MTL_ENABLE_DEBUG_INFO = NO;
				SDKROOT = iphoneos;
				TARGETED_DEVICE_FAMILY = "1,2";
				VALIDATE_PRODUCT = YES;
				VERSIONING_SYSTEM = "apple-generic";
				VERSION_INFO_PREFIX = "";
			};
			name = Release;
		};
		97C9E3871C027E50006CB761 /* Debug */ = {
			isa = XCBuildConfiguration;
			buildSettings = {
				DEFINES_MODULE = YES;
				DYLIB_COMPATIBILITY_VERSION = 1;
				DYLIB_CURRENT_VERSION = 1;
				DYLIB_INSTALL_NAME_BASE = "@rpath";
				INFOPLIST_FILE = DHLayoutConstraints/Info.plist;
				INSTALL_PATH = "$(LOCAL_LIBRARY_DIR)/Frameworks";
				LD_RUNPATH_SEARCH_PATHS = "$(inherited) @executable_path/Frameworks @loader_path/Frameworks";
				PRODUCT_BUNDLE_IDENTIFIER = com.dnthome.DHLayoutConstraints;
				PRODUCT_NAME = "$(TARGET_NAME)";
				SKIP_INSTALL = YES;
			};
			name = Debug;
		};
		97C9E3881C027E50006CB761 /* Release */ = {
			isa = XCBuildConfiguration;
			buildSettings = {
				DEFINES_MODULE = YES;
				DYLIB_COMPATIBILITY_VERSION = 1;
				DYLIB_CURRENT_VERSION = 1;
				DYLIB_INSTALL_NAME_BASE = "@rpath";
				INFOPLIST_FILE = DHLayoutConstraints/Info.plist;
				INSTALL_PATH = "$(LOCAL_LIBRARY_DIR)/Frameworks";
				LD_RUNPATH_SEARCH_PATHS = "$(inherited) @executable_path/Frameworks @loader_path/Frameworks";
				PRODUCT_BUNDLE_IDENTIFIER = com.dnthome.DHLayoutConstraints;
				PRODUCT_NAME = "$(TARGET_NAME)";
				SKIP_INSTALL = YES;
			};
			name = Release;
		};
		97C9E38A1C027E50006CB761 /* Debug */ = {
			isa = XCBuildConfiguration;
			buildSettings = {
				INFOPLIST_FILE = DHLayoutConstraintsTests/Info.plist;
				LD_RUNPATH_SEARCH_PATHS = "$(inherited) @executable_path/Frameworks @loader_path/Frameworks";
				PRODUCT_BUNDLE_IDENTIFIER = com.dnthome.DHLayoutConstraintsTests;
				PRODUCT_NAME = "$(TARGET_NAME)";
			};
			name = Debug;
		};
		97C9E38B1C027E50006CB761 /* Release */ = {
			isa = XCBuildConfiguration;
			buildSettings = {
				INFOPLIST_FILE = DHLayoutConstraintsTests/Info.plist;
				LD_RUNPATH_SEARCH_PATHS = "$(inherited) @executable_path/Frameworks @loader_path/Frameworks";
				PRODUCT_BUNDLE_IDENTIFIER = com.dnthome.DHLayoutConstraintsTests;
				PRODUCT_NAME = "$(TARGET_NAME)";
			};
			name = Release;
		};
/* End XCBuildConfiguration section */

/* Begin XCConfigurationList section */
		97C9E36C1C027E4F006CB761 /* Build configuration list for PBXProject "DHLayoutConstraints" */ = {
			isa = XCConfigurationList;
			buildConfigurations = (
				97C9E3841C027E50006CB761 /* Debug */,
				97C9E3851C027E50006CB761 /* Release */,
			);
			defaultConfigurationIsVisible = 0;
			defaultConfigurationName = Release;
		};
		97C9E3861C027E50006CB761 /* Build configuration list for PBXNativeTarget "DHLayoutConstraints" */ = {
			isa = XCConfigurationList;
			buildConfigurations = (
				97C9E3871C027E50006CB761 /* Debug */,
				97C9E3881C027E50006CB761 /* Release */,
			);
			defaultConfigurationIsVisible = 0;
		};
		97C9E3891C027E50006CB761 /* Build configuration list for PBXNativeTarget "DHLayoutConstraintsTests" */ = {
			isa = XCConfigurationList;
			buildConfigurations = (
				97C9E38A1C027E50006CB761 /* Debug */,
				97C9E38B1C027E50006CB761 /* Release */,
			);
			defaultConfigurationIsVisible = 0;
		};
/* End XCConfigurationList section */
	};
	rootObject = 97C9E3691C027E4F006CB761 /* Project object */;
}
